
Microsoft Visual Studio Solution File, Format Version 12.00
# Visual Studio 14
VisualStudioVersion = 14.0.25420.1
MinimumVisualStudioVersion = 10.0.40219.1
Project("{8BB2217D-0F2D-49D1-97BC-3654ED321F3B}") = "RequestFiltering", "src\RequestFiltering\RequestFiltering.xproj", "{ED0F55FA-CA9D-40B3-B41D-0BE516A0D7FE}"
EndProject
Project("{8BB2217D-0F2D-49D1-97BC-3654ED321F3B}") = "RequestFiltering.Test", "test\RequestFiltering.Test\RequestFiltering.Test.xproj", "{686C4565-18B5-425B-9521-B7CADE57AA4B}"
EndProject
Project("{8BB2217D-0F2D-49D1-97BC-3654ED321F3B}") = "RequestFiltering.Web", "samples\RequestFiltering.Web\RequestFiltering.Web.xproj", "{3F17AD56-C8CF-44DA-B4EE-D2EDC2560D69}"
EndProject
Project("{2150E333-8FDC-42A3-9474-1A3956D46DE8}") = "src", "src", "{FB2167B8-BC11-4FB4-8204-FBEB7155E14D}"
EndProject
Project("{2150E333-8FDC-42A3-9474-1A3956D46DE8}") = "test", "test", "{2A2B1A27-9905-44B5-AAE7-504D19256606}"
EndProject
Project("{2150E333-8FDC-42A3-9474-1A3956D46DE8}") = "samples", "samples", "{36878133-0ADE-44C7-A754-62F3B0B617D4}"
EndProject
Project("{8BB2217D-0F2D-49D1-97BC-3654ED321F3B}") = "RequestFiltering.Abstractions", "src\RequestFiltering.Abstractions\RequestFiltering.Abstractions.xproj", "{B1FBBE27-8DB8-4A50-9B00-E64176DDA1A0}"
EndProject
Project("{8BB2217D-0F2D-49D1-97BC-3654ED321F3B}") = "RequestFiltering.FileExtensions", "src\RequestFiltering.FileExtensions\RequestFiltering.FileExtensions.xproj", "{51D3B9EA-462C-4356-96DE-BC0DF5C6EBF2}"
EndProject
Project("{8BB2217D-0F2D-49D1-97BC-3654ED321F3B}") = "RequestFiltering.HttpVerbs", "src\RequestFiltering.HttpVerbs\RequestFiltering.HttpVerbs.xproj", "{847380AA-48EA-4475-A6E2-141F89B0D2C7}"
EndProject
Project("{8BB2217D-0F2D-49D1-97BC-3654ED321F3B}") = "RequestFiltering.QueryStrings", "src\RequestFiltering.QueryStrings\RequestFiltering.QueryStrings.xproj", "{F47097EE-3E65-4B99-8A2C-E20F935FE3C4}"
EndProject
Project("{8BB2217D-0F2D-49D1-97BC-3654ED321F3B}") = "RequestFiltering.HiddenSegments", "src\RequestFiltering.HiddenSegments\RequestFiltering.HiddenSegments.xproj", "{8CB44944-3EB8-49C0-ACF4-C52EDE53B574}"
EndProject
Project("{8BB2217D-0F2D-49D1-97BC-3654ED321F3B}") = "RequestFiltering.Headers", "src\RequestFiltering.Headers\RequestFiltering.Headers.xproj", "{69471BF6-2E21-4367-874B-D21AD18087AF}"
EndProject
Project("{8BB2217D-0F2D-49D1-97BC-3654ED321F3B}") = "RequestFiltering.Urls", "src\RequestFiltering.Urls\RequestFiltering.Urls.xproj", "{81CCD08B-DF96-486F-88D5-813E8105CE6C}"
EndProject
Global
	GlobalSection(SolutionConfigurationPlatforms) = preSolution
		Debug|Any CPU = Debug|Any CPU
		Release|Any CPU = Release|Any CPU
	EndGlobalSection
	GlobalSection(ProjectConfigurationPlatforms) = postSolution
		{ED0F55FA-CA9D-40B3-B41D-0BE516A0D7FE}.Debug|Any CPU.ActiveCfg = Debug|Any CPU
		{ED0F55FA-CA9D-40B3-B41D-0BE516A0D7FE}.Debug|Any CPU.Build.0 = Debug|Any CPU
		{ED0F55FA-CA9D-40B3-B41D-0BE516A0D7FE}.Release|Any CPU.ActiveCfg = Release|Any CPU
		{ED0F55FA-CA9D-40B3-B41D-0BE516A0D7FE}.Release|Any CPU.Build.0 = Release|Any CPU
		{686C4565-18B5-425B-9521-B7CADE57AA4B}.Debug|Any CPU.ActiveCfg = Debug|Any CPU
		{686C4565-18B5-425B-9521-B7CADE57AA4B}.Debug|Any CPU.Build.0 = Debug|Any CPU
		{686C4565-18B5-425B-9521-B7CADE57AA4B}.Release|Any CPU.ActiveCfg = Release|Any CPU
		{686C4565-18B5-425B-9521-B7CADE57AA4B}.Release|Any CPU.Build.0 = Release|Any CPU
		{3F17AD56-C8CF-44DA-B4EE-D2EDC2560D69}.Debug|Any CPU.ActiveCfg = Debug|Any CPU
		{3F17AD56-C8CF-44DA-B4EE-D2EDC2560D69}.Debug|Any CPU.Build.0 = Debug|Any CPU
		{3F17AD56-C8CF-44DA-B4EE-D2EDC2560D69}.Release|Any CPU.ActiveCfg = Release|Any CPU
		{3F17AD56-C8CF-44DA-B4EE-D2EDC2560D69}.Release|Any CPU.Build.0 = Release|Any CPU
		{B1FBBE27-8DB8-4A50-9B00-E64176DDA1A0}.Debug|Any CPU.ActiveCfg = Debug|Any CPU
		{B1FBBE27-8DB8-4A50-9B00-E64176DDA1A0}.Debug|Any CPU.Build.0 = Debug|Any CPU
		{B1FBBE27-8DB8-4A50-9B00-E64176DDA1A0}.Release|Any CPU.ActiveCfg = Release|Any CPU
		{B1FBBE27-8DB8-4A50-9B00-E64176DDA1A0}.Release|Any CPU.Build.0 = Release|Any CPU
		{51D3B9EA-462C-4356-96DE-BC0DF5C6EBF2}.Debug|Any CPU.ActiveCfg = Debug|Any CPU
		{51D3B9EA-462C-4356-96DE-BC0DF5C6EBF2}.Debug|Any CPU.Build.0 = Debug|Any CPU
		{51D3B9EA-462C-4356-96DE-BC0DF5C6EBF2}.Release|Any CPU.ActiveCfg = Release|Any CPU
		{51D3B9EA-462C-4356-96DE-BC0DF5C6EBF2}.Release|Any CPU.Build.0 = Release|Any CPU
		{847380AA-48EA-4475-A6E2-141F89B0D2C7}.Debug|Any CPU.ActiveCfg = Debug|Any CPU
		{847380AA-48EA-4475-A6E2-141F89B0D2C7}.Debug|Any CPU.Build.0 = Debug|Any CPU
		{847380AA-48EA-4475-A6E2-141F89B0D2C7}.Release|Any CPU.ActiveCfg = Release|Any CPU
		{847380AA-48EA-4475-A6E2-141F89B0D2C7}.Release|Any CPU.Build.0 = Release|Any CPU
		{F47097EE-3E65-4B99-8A2C-E20F935FE3C4}.Debug|Any CPU.ActiveCfg = Debug|Any CPU
		{F47097EE-3E65-4B99-8A2C-E20F935FE3C4}.Debug|Any CPU.Build.0 = Debug|Any CPU
		{F47097EE-3E65-4B99-8A2C-E20F935FE3C4}.Release|Any CPU.ActiveCfg = Release|Any CPU
		{F47097EE-3E65-4B99-8A2C-E20F935FE3C4}.Release|Any CPU.Build.0 = Release|Any CPU
		{8CB44944-3EB8-49C0-ACF4-C52EDE53B574}.Debug|Any CPU.ActiveCfg = Debug|Any CPU
		{8CB44944-3EB8-49C0-ACF4-C52EDE53B574}.Debug|Any CPU.Build.0 = Debug|Any CPU
		{8CB44944-3EB8-49C0-ACF4-C52EDE53B574}.Release|Any CPU.ActiveCfg = Release|Any CPU
		{8CB44944-3EB8-49C0-ACF4-C52EDE53B574}.Release|Any CPU.Build.0 = Release|Any CPU
		{69471BF6-2E21-4367-874B-D21AD18087AF}.Debug|Any CPU.ActiveCfg = Debug|Any CPU
		{69471BF6-2E21-4367-874B-D21AD18087AF}.Debug|Any CPU.Build.0 = Debug|Any CPU
		{69471BF6-2E21-4367-874B-D21AD18087AF}.Release|Any CPU.ActiveCfg = Release|Any CPU
		{69471BF6-2E21-4367-874B-D21AD18087AF}.Release|Any CPU.Build.0 = Release|Any CPU
		{81CCD08B-DF96-486F-88D5-813E8105CE6C}.Debug|Any CPU.ActiveCfg = Debug|Any CPU
		{81CCD08B-DF96-486F-88D5-813E8105CE6C}.Debug|Any CPU.Build.0 = Debug|Any CPU
		{81CCD08B-DF96-486F-88D5-813E8105CE6C}.Release|Any CPU.ActiveCfg = Release|Any CPU
		{81CCD08B-DF96-486F-88D5-813E8105CE6C}.Release|Any CPU.Build.0 = Release|Any CPU
	EndGlobalSection
	GlobalSection(SolutionProperties) = preSolution
		HideSolutionNode = FALSE
	EndGlobalSection
	GlobalSection(NestedProjects) = preSolution
		{ED0F55FA-CA9D-40B3-B41D-0BE516A0D7FE} = {FB2167B8-BC11-4FB4-8204-FBEB7155E14D}
		{686C4565-18B5-425B-9521-B7CADE57AA4B} = {2A2B1A27-9905-44B5-AAE7-504D19256606}
		{3F17AD56-C8CF-44DA-B4EE-D2EDC2560D69} = {36878133-0ADE-44C7-A754-62F3B0B617D4}
		{B1FBBE27-8DB8-4A50-9B00-E64176DDA1A0} = {FB2167B8-BC11-4FB4-8204-FBEB7155E14D}
		{51D3B9EA-462C-4356-96DE-BC0DF5C6EBF2} = {FB2167B8-BC11-4FB4-8204-FBEB7155E14D}
		{847380AA-48EA-4475-A6E2-141F89B0D2C7} = {FB2167B8-BC11-4FB4-8204-FBEB7155E14D}
		{F47097EE-3E65-4B99-8A2C-E20F935FE3C4} = {FB2167B8-BC11-4FB4-8204-FBEB7155E14D}
		{8CB44944-3EB8-49C0-ACF4-C52EDE53B574} = {FB2167B8-BC11-4FB4-8204-FBEB7155E14D}
		{69471BF6-2E21-4367-874B-D21AD18087AF} = {FB2167B8-BC11-4FB4-8204-FBEB7155E14D}
		{81CCD08B-DF96-486F-88D5-813E8105CE6C} = {FB2167B8-BC11-4FB4-8204-FBEB7155E14D}
	EndGlobalSection
EndGlobal
